# This file is autogenerated, do not edit; changes may be undone by the next 'dep ensure'.


[[projects]]
  branch = "master"
  digest = "1:3af83554097ab246e580a42a32ccf699c6389723a3128e70a0312a45773e3b54"
  name = "github.com/jmoiron/sqlx"
  packages = [
    ".",
    "reflectx",
  ]
  pruneopts = "UT"
  revision = "0dae4fefe7c0e190f7b5a78dac28a1c82cc8d849"

[[projects]]
  branch = "master"
  digest = "1:f97285a3b0a496dcf8801072622230d513f69175665d94de60eb042d03387f6c"
  name = "github.com/julienschmidt/httprouter"
  packages = ["."]
  pruneopts = "UT"
  revision = "348b672cd90d8190f8240323e372ecd1e66b59dc"

[[projects]]
  branch = "master"
  digest = "1:6866fc4160284073ee63525fc9e2cdef043a26892574340f71b4add734232853"
  name = "github.com/lib/pq"
  packages = [
    ".",
    "oid",
  ]
  pruneopts = "UT"
  revision = "90697d60dd844d5ef6ff15135d0203f65d2f53b8"

[[projects]]
  branch = "master"
  digest = "1:e8205d5426a37d6d5b4f44de12b1e0411e251b36c29e06694701c963d3faa59b"
  name = "github.com/miekg/dns"
  packages = ["."]
  pruneopts = "UT"
  revision = "b559d43c3114c4b1c1823b2fc157b42bc30ba273"

[[projects]]
  branch = "master"
  digest = "1:49e39c5d2f1122e5a95fed82a9c50fe9f7b66fa2bf76db76f393a89aa264d027"
  name = "github.com/rs/cors"
  packages = ["."]
  pruneopts = "UT"
  revision = "02026070ea746d775e2d8dfe1efbea899a42f322"

[[projects]]
  branch = "master"
  digest = "1:d5891c5bca9c62e5d394ca26491d2b710a1dc08cedeb0ca8f9ac4c3305120b02"
  name = "golang.org/x/crypto"
  packages = [
    "ed25519",
    "ed25519/internal/edwards25519",
  ]
  pruneopts = "UT"
  revision = "c126467f60eb25f8f27e5a981f32a87e3965053f"

[[projects]]
  branch = "master"
  digest = "1:809955aecc90b55dbed131c7a47d523f347b7dc64726732cfb5e437748729798"
  name = "golang.org/x/net"
  packages = [
    "bpf",
    "internal/iana",
    "internal/socket",
    "ipv4",
    "ipv6",
  ]
  pruneopts = "UT"
  revision = "c4299a1a0d8524c11563db160fbf9bddbceadb21"

[solve-meta]
  analyzer-name = "dep"
  analyzer-version = 1
  input-imports = [
    "github.com/jmoiron/sqlx",
    "github.com/julienschmidt/httprouter",
    "github.com/lib/pq",
    "github.com/miekg/dns",
    "github.com/rs/cors",
  ]
  solver-name = "gps-cdcl"
  solver-version = 1
